
Microsoft Visual Studio Solution File, Format Version 12.00
# Visual Studio Version 17
VisualStudioVersion = 17.3.32811.315
MinimumVisualStudioVersion = 10.0.40219.1
Project("{FAE04EC0-301F-11D3-BF4B-00C04F79EFBC}") = "Приложение Список книг для прочтения", "Приложение Список книг для прочтения\Приложение Список книг для прочтения.csproj", "{EEE021BB-2F76-4E2D-A36E-4D45CC2D1B33}"
EndProject
Global
	GlobalSection(SolutionConfigurationPlatforms) = preSolution
		Debug|Any CPU = Debug|Any CPU
		Release|Any CPU = Release|Any CPU
	EndGlobalSection
	GlobalSection(ProjectConfigurationPlatforms) = postSolution
		{EEE021BB-2F76-4E2D-A36E-4D45CC2D1B33}.Debug|Any CPU.ActiveCfg = Debug|Any CPU
		{EEE021BB-2F76-4E2D-A36E-4D45CC2D1B33}.Debug|Any CPU.Build.0 = Debug|Any CPU
		{EEE021BB-2F76-4E2D-A36E-4D45CC2D1B33}.Release|Any CPU.ActiveCfg = Release|Any CPU
		{EEE021BB-2F76-4E2D-A36E-4D45CC2D1B33}.Release|Any CPU.Build.0 = Release|Any CPU
	EndGlobalSection
	GlobalSection(SolutionProperties) = preSolution
		HideSolutionNode = FALSE
	EndGlobalSection
	GlobalSection(ExtensibilityGlobals) = postSolution
		SolutionGuid = {9F59461A-13F7-43C8-82A7-F1B0908D3F2A}
	EndGlobalSection
EndGlobal
